
Microsoft Visual Studio Solution File, Format Version 12.00
# Visual Studio 14
VisualStudioVersion = 14.0.25420.1
MinimumVisualStudioVersion = 10.0.40219.1
Project("{FAE04EC0-301F-11D3-BF4B-00C04F79EFBC}") = "Judo_Jump", "Judo Jump\Judo_Jump\Judo_Jump.csproj", "{46D412BA-7CB2-43A3-A87B-D1066F20201A}"
EndProject
Project("{96E2B04D-8817-42C6-938A-82C39BA4D311}") = "Judo_JumpContent", "Judo Jump\Judo_JumpContent\Judo_JumpContent.contentproj", "{62CB30ED-095C-4E8C-BD53-EFF2DB33E4F4}"
EndProject
Global
	GlobalSection(SolutionConfigurationPlatforms) = preSolution
		Debug|x86 = Debug|x86
		Release|x86 = Release|x86
	EndGlobalSection
	GlobalSection(ProjectConfigurationPlatforms) = postSolution
		{46D412BA-7CB2-43A3-A87B-D1066F20201A}.Debug|x86.ActiveCfg = Debug|x86
		{46D412BA-7CB2-43A3-A87B-D1066F20201A}.Debug|x86.Build.0 = Debug|x86
		{46D412BA-7CB2-43A3-A87B-D1066F20201A}.Release|x86.ActiveCfg = Release|x86
		{46D412BA-7CB2-43A3-A87B-D1066F20201A}.Release|x86.Build.0 = Release|x86
		{62CB30ED-095C-4E8C-BD53-EFF2DB33E4F4}.Debug|x86.ActiveCfg = Debug|x86
		{62CB30ED-095C-4E8C-BD53-EFF2DB33E4F4}.Release|x86.ActiveCfg = Release|x86
	EndGlobalSection
	GlobalSection(SolutionProperties) = preSolution
		HideSolutionNode = FALSE
	EndGlobalSection
EndGlobal
